
Microsoft Visual Studio Solution File, Format Version 12.00
Project("{FAE04EC0-301F-11D3-BF4B-00C04F79EFBC}") = "Simbirsoft.Hakaton.ProjectD.Api", "Presentation\Simbirsoft.Hakaton.ProjectD.Api\Simbirsoft.Hakaton.ProjectD.Api.csproj", "{A2D29E73-7685-4E32-8818-7407026E7E20}"
EndProject
Project("{2150E333-8FDC-42A3-9474-1A3956D46DE8}") = "Core", "Core", "{D3B7A1AF-E67A-4D1E-AF4D-AB073DD92C16}"
EndProject
Project("{2150E333-8FDC-42A3-9474-1A3956D46DE8}") = "Infrastructure", "Infrastructure", "{3A60E9BE-8C72-4FE2-B697-C5529F2B21F5}"
EndProject
Project("{2150E333-8FDC-42A3-9474-1A3956D46DE8}") = "Presentation", "Presentation", "{4A566FB3-467B-4FD4-9CC0-547AB343F8F1}"
EndProject
Project("{FAE04EC0-301F-11D3-BF4B-00C04F79EFBC}") = "Simbirsoft.Hakaton.ProjectD.Domain", "Core\Simbirsoft.Hakaton.ProjectD.Domain\Simbirsoft.Hakaton.ProjectD.Domain.csproj", "{F47DC607-9C98-408F-B87B-4F1277A3EDCC}"
EndProject
Project("{FAE04EC0-301F-11D3-BF4B-00C04F79EFBC}") = "Simbirsoft.Hakaton.ProjectD.Application", "Core\Simbirsoft.Hakaton.ProjectD.Application\Simbirsoft.Hakaton.ProjectD.Application.csproj", "{45DCCFD3-EA9D-47F2-AE4D-CA0EA460F66F}"
EndProject
Project("{FAE04EC0-301F-11D3-BF4B-00C04F79EFBC}") = "Simbirsoft.Hakaton.ProjectD.Persistence", "Infrastructure\Simbirsoft.Hakaton.ProjectD.Persistence\Simbirsoft.Hakaton.ProjectD.Persistence.csproj", "{5E11E880-690A-4DD7-B544-010B0994AAA9}"
EndProject
Project("{FAE04EC0-301F-11D3-BF4B-00C04F79EFBC}") = "Simbirsoft.Hakaton.ProjectD.Shared", "Core\Simbirsoft.Hakaton.ProjectD.Shared\Simbirsoft.Hakaton.ProjectD.Shared.csproj", "{84904836-3FC6-4D97-B236-8F129B629AF0}"
EndProject
Project("{FAE04EC0-301F-11D3-BF4B-00C04F79EFBC}") = "Simbirsoft.Hakaton.ProjectD.Simulator.Tests", "Tests\Simbirsoft.Hakaton.ProjectD.Simulator.Tests\Simbirsoft.Hakaton.ProjectD.Simulator.Tests.csproj", "{2EE9E7CD-8F49-4C86-AA1E-F76ED95DAE1D}"
EndProject
Project("{FAE04EC0-301F-11D3-BF4B-00C04F79EFBC}") = "Simbirsoft.Hakaton.ProjectD.Simulator", "Core\Simbirsoft.Hakaton.ProjectD.Simulator\Simbirsoft.Hakaton.ProjectD.Simulator.csproj", "{E0707B71-C732-4783-A63D-9C283A1B387F}"
EndProject
Global
	GlobalSection(SolutionConfigurationPlatforms) = preSolution
		Debug|Any CPU = Debug|Any CPU
		Release|Any CPU = Release|Any CPU
	EndGlobalSection
	GlobalSection(ProjectConfigurationPlatforms) = postSolution
		{A2D29E73-7685-4E32-8818-7407026E7E20}.Debug|Any CPU.ActiveCfg = Debug|Any CPU
		{A2D29E73-7685-4E32-8818-7407026E7E20}.Debug|Any CPU.Build.0 = Debug|Any CPU
		{A2D29E73-7685-4E32-8818-7407026E7E20}.Release|Any CPU.ActiveCfg = Release|Any CPU
		{A2D29E73-7685-4E32-8818-7407026E7E20}.Release|Any CPU.Build.0 = Release|Any CPU
		{F47DC607-9C98-408F-B87B-4F1277A3EDCC}.Debug|Any CPU.ActiveCfg = Debug|Any CPU
		{F47DC607-9C98-408F-B87B-4F1277A3EDCC}.Debug|Any CPU.Build.0 = Debug|Any CPU
		{F47DC607-9C98-408F-B87B-4F1277A3EDCC}.Release|Any CPU.ActiveCfg = Release|Any CPU
		{F47DC607-9C98-408F-B87B-4F1277A3EDCC}.Release|Any CPU.Build.0 = Release|Any CPU
		{45DCCFD3-EA9D-47F2-AE4D-CA0EA460F66F}.Debug|Any CPU.ActiveCfg = Debug|Any CPU
		{45DCCFD3-EA9D-47F2-AE4D-CA0EA460F66F}.Debug|Any CPU.Build.0 = Debug|Any CPU
		{45DCCFD3-EA9D-47F2-AE4D-CA0EA460F66F}.Release|Any CPU.ActiveCfg = Release|Any CPU
		{45DCCFD3-EA9D-47F2-AE4D-CA0EA460F66F}.Release|Any CPU.Build.0 = Release|Any CPU
		{5E11E880-690A-4DD7-B544-010B0994AAA9}.Debug|Any CPU.ActiveCfg = Debug|Any CPU
		{5E11E880-690A-4DD7-B544-010B0994AAA9}.Debug|Any CPU.Build.0 = Debug|Any CPU
		{5E11E880-690A-4DD7-B544-010B0994AAA9}.Release|Any CPU.ActiveCfg = Release|Any CPU
		{5E11E880-690A-4DD7-B544-010B0994AAA9}.Release|Any CPU.Build.0 = Release|Any CPU
		{84904836-3FC6-4D97-B236-8F129B629AF0}.Debug|Any CPU.ActiveCfg = Debug|Any CPU
		{84904836-3FC6-4D97-B236-8F129B629AF0}.Debug|Any CPU.Build.0 = Debug|Any CPU
		{84904836-3FC6-4D97-B236-8F129B629AF0}.Release|Any CPU.ActiveCfg = Release|Any CPU
		{84904836-3FC6-4D97-B236-8F129B629AF0}.Release|Any CPU.Build.0 = Release|Any CPU
		{2EE9E7CD-8F49-4C86-AA1E-F76ED95DAE1D}.Debug|Any CPU.ActiveCfg = Debug|Any CPU
		{2EE9E7CD-8F49-4C86-AA1E-F76ED95DAE1D}.Debug|Any CPU.Build.0 = Debug|Any CPU
		{2EE9E7CD-8F49-4C86-AA1E-F76ED95DAE1D}.Release|Any CPU.ActiveCfg = Release|Any CPU
		{2EE9E7CD-8F49-4C86-AA1E-F76ED95DAE1D}.Release|Any CPU.Build.0 = Release|Any CPU
		{E0707B71-C732-4783-A63D-9C283A1B387F}.Debug|Any CPU.ActiveCfg = Debug|Any CPU
		{E0707B71-C732-4783-A63D-9C283A1B387F}.Debug|Any CPU.Build.0 = Debug|Any CPU
		{E0707B71-C732-4783-A63D-9C283A1B387F}.Release|Any CPU.ActiveCfg = Release|Any CPU
		{E0707B71-C732-4783-A63D-9C283A1B387F}.Release|Any CPU.Build.0 = Release|Any CPU
	EndGlobalSection
	GlobalSection(NestedProjects) = preSolution
		{A2D29E73-7685-4E32-8818-7407026E7E20} = {4A566FB3-467B-4FD4-9CC0-547AB343F8F1}
		{F47DC607-9C98-408F-B87B-4F1277A3EDCC} = {D3B7A1AF-E67A-4D1E-AF4D-AB073DD92C16}
		{45DCCFD3-EA9D-47F2-AE4D-CA0EA460F66F} = {D3B7A1AF-E67A-4D1E-AF4D-AB073DD92C16}
		{5E11E880-690A-4DD7-B544-010B0994AAA9} = {3A60E9BE-8C72-4FE2-B697-C5529F2B21F5}
		{84904836-3FC6-4D97-B236-8F129B629AF0} = {D3B7A1AF-E67A-4D1E-AF4D-AB073DD92C16}
		{E0707B71-C732-4783-A63D-9C283A1B387F} = {D3B7A1AF-E67A-4D1E-AF4D-AB073DD92C16}
	EndGlobalSection
EndGlobal
